
Microsoft Visual Studio Solution File, Format Version 12.00
# Visual Studio Version 17
VisualStudioVersion = 17.10.35013.160
MinimumVisualStudioVersion = 10.0.40219.1
Project("{9A19103F-16F7-4668-BE54-9A1E7A4F7556}") = "PsMachineBaseInfStand", "PsMachineBaseInfStand\PsMachineBaseInfStand.csproj", "{B5F3E31D-4F06-4523-B479-AB8271D3CBBA}"
EndProject
Project("{9A19103F-16F7-4668-BE54-9A1E7A4F7556}") = "PsMachineBaseStand", "PsMachineBaseStand\PsMachineBaseStand.csproj", "{F2FC02F9-42EC-42C0-A9B1-63BC7A53EAF9}"
EndProject
Project("{9A19103F-16F7-4668-BE54-9A1E7A4F7556}") = "PsMachineToolsStand", "PsMachineToolsStand\PsMachineToolsStand.csproj", "{D41847F4-BF37-40A3-8496-955EECB50539}"
EndProject
Project("{9A19103F-16F7-4668-BE54-9A1E7A4F7556}") = "PsModbusStationStand", "PsModbusStationStand\PsModbusStationStand.csproj", "{4EE5BB9D-4010-4851-92D8-0BB6F95155AF}"
EndProject
Project("{2150E333-8FDC-42A3-9474-1A3956D46DE8}") = "解决方案项", "解决方案项", "{3804C3B6-1133-417E-A208-1D8E21960DA1}"
EndProject
Project("{9A19103F-16F7-4668-BE54-9A1E7A4F7556}") = "ServiceDataStand", "ServiceDataStand\ServiceDataStand.csproj", "{67DA7A8B-A471-411A-B743-77D606684BC6}"
EndProject
Project("{FAE04EC0-301F-11D3-BF4B-00C04F79EFBC}") = "WpfControlLibNet", "WpfControlLibNet\WpfControlLibNet.csproj", "{011CFDB9-E778-49BE-A34C-6C098BAD7163}"
EndProject
Project("{FAE04EC0-301F-11D3-BF4B-00C04F79EFBC}") = "PsCameraNet", "PsCameraNet\PsCameraNet.csproj", "{9062D31C-5856-4F57-AF26-164F474DFE70}"
EndProject
Global
	GlobalSection(SolutionConfigurationPlatforms) = preSolution
		Debug|Any CPU = Debug|Any CPU
		Release|Any CPU = Release|Any CPU
	EndGlobalSection
	GlobalSection(ProjectConfigurationPlatforms) = postSolution
		{B5F3E31D-4F06-4523-B479-AB8271D3CBBA}.Debug|Any CPU.ActiveCfg = Debug|Any CPU
		{B5F3E31D-4F06-4523-B479-AB8271D3CBBA}.Debug|Any CPU.Build.0 = Debug|Any CPU
		{B5F3E31D-4F06-4523-B479-AB8271D3CBBA}.Release|Any CPU.ActiveCfg = Release|Any CPU
		{B5F3E31D-4F06-4523-B479-AB8271D3CBBA}.Release|Any CPU.Build.0 = Release|Any CPU
		{F2FC02F9-42EC-42C0-A9B1-63BC7A53EAF9}.Debug|Any CPU.ActiveCfg = Debug|Any CPU
		{F2FC02F9-42EC-42C0-A9B1-63BC7A53EAF9}.Debug|Any CPU.Build.0 = Debug|Any CPU
		{F2FC02F9-42EC-42C0-A9B1-63BC7A53EAF9}.Release|Any CPU.ActiveCfg = Release|Any CPU
		{F2FC02F9-42EC-42C0-A9B1-63BC7A53EAF9}.Release|Any CPU.Build.0 = Release|Any CPU
		{D41847F4-BF37-40A3-8496-955EECB50539}.Debug|Any CPU.ActiveCfg = Debug|Any CPU
		{D41847F4-BF37-40A3-8496-955EECB50539}.Debug|Any CPU.Build.0 = Debug|Any CPU
		{D41847F4-BF37-40A3-8496-955EECB50539}.Release|Any CPU.ActiveCfg = Release|Any CPU
		{D41847F4-BF37-40A3-8496-955EECB50539}.Release|Any CPU.Build.0 = Release|Any CPU
		{4EE5BB9D-4010-4851-92D8-0BB6F95155AF}.Debug|Any CPU.ActiveCfg = Debug|Any CPU
		{4EE5BB9D-4010-4851-92D8-0BB6F95155AF}.Debug|Any CPU.Build.0 = Debug|Any CPU
		{4EE5BB9D-4010-4851-92D8-0BB6F95155AF}.Release|Any CPU.ActiveCfg = Release|Any CPU
		{4EE5BB9D-4010-4851-92D8-0BB6F95155AF}.Release|Any CPU.Build.0 = Release|Any CPU
		{67DA7A8B-A471-411A-B743-77D606684BC6}.Debug|Any CPU.ActiveCfg = Debug|Any CPU
		{67DA7A8B-A471-411A-B743-77D606684BC6}.Debug|Any CPU.Build.0 = Debug|Any CPU
		{67DA7A8B-A471-411A-B743-77D606684BC6}.Release|Any CPU.ActiveCfg = Release|Any CPU
		{67DA7A8B-A471-411A-B743-77D606684BC6}.Release|Any CPU.Build.0 = Release|Any CPU
		{011CFDB9-E778-49BE-A34C-6C098BAD7163}.Debug|Any CPU.ActiveCfg = Debug|Any CPU
		{011CFDB9-E778-49BE-A34C-6C098BAD7163}.Debug|Any CPU.Build.0 = Debug|Any CPU
		{011CFDB9-E778-49BE-A34C-6C098BAD7163}.Release|Any CPU.ActiveCfg = Release|Any CPU
		{011CFDB9-E778-49BE-A34C-6C098BAD7163}.Release|Any CPU.Build.0 = Release|Any CPU
		{9062D31C-5856-4F57-AF26-164F474DFE70}.Debug|Any CPU.ActiveCfg = Debug|Any CPU
		{9062D31C-5856-4F57-AF26-164F474DFE70}.Debug|Any CPU.Build.0 = Debug|Any CPU
		{9062D31C-5856-4F57-AF26-164F474DFE70}.Release|Any CPU.ActiveCfg = Release|Any CPU
		{9062D31C-5856-4F57-AF26-164F474DFE70}.Release|Any CPU.Build.0 = Release|Any CPU
	EndGlobalSection
	GlobalSection(SolutionProperties) = preSolution
		HideSolutionNode = FALSE
	EndGlobalSection
	GlobalSection(ExtensibilityGlobals) = postSolution
		SolutionGuid = {580F2BC4-C88F-4B3D-BC44-8BA4A36815B6}
	EndGlobalSection
EndGlobal
